// !$*UTF8*$!
{
	archiveVersion = 1;
	classes = {
	};
	objectVersion = 46;
	objects = {

/* Begin PBXBuildFile section */
		FE18CB441DB7C4120004C2FD /* JCTestDemoViewController.m in Sources */ = {isa = PBXBuildFile; fileRef = FE18CB431DB7C4120004C2FD /* JCTestDemoViewController.m */; };
		FE18CB451DB7C4120004C2FD /* JCTestDemoViewController.m in Sources */ = {isa = PBXBuildFile; fileRef = FE18CB431DB7C4120004C2FD /* JCTestDemoViewController.m */; };
		FE18CB461DB7C4120004C2FD /* JCTestDemoViewController.m in Sources */ = {isa = PBXBuildFile; fileRef = FE18CB431DB7C4120004C2FD /* JCTestDemoViewController.m */; };
		FE7B47B61DB2623000C39A82 /* AppDelegate.m in Sources */ = {isa = PBXBuildFile; fileRef = FE7B47B51DB2623000C39A82 /* AppDelegate.m */; };
		FE7B47BB1DB2624D00C39A82 /* JCGestureListTableViewController.m in Sources */ = {isa = PBXBuildFile; fileRef = FE7B47B81DB2624D00C39A82 /* JCGestureListTableViewController.m */; };
		FE7B47BC1DB2624D00C39A82 /* JCGestureListTableViewController.m in Sources */ = {isa = PBXBuildFile; fileRef = FE7B47B81DB2624D00C39A82 /* JCGestureListTableViewController.m */; };
		FE7B47BD1DB2624D00C39A82 /* JCGestureListTableViewController.m in Sources */ = {isa = PBXBuildFile; fileRef = FE7B47B81DB2624D00C39A82 /* JCGestureListTableViewController.m */; };
		FE7B47BE1DB2624D00C39A82 /* JCTapGestureViewController.m in Sources */ = {isa = PBXBuildFile; fileRef = FE7B47BA1DB2624D00C39A82 /* JCTapGestureViewController.m */; };
		FE7B47BF1DB2624D00C39A82 /* JCTapGestureViewController.m in Sources */ = {isa = PBXBuildFile; fileRef = FE7B47BA1DB2624D00C39A82 /* JCTapGestureViewController.m */; };
		FE7B47C01DB2624D00C39A82 /* JCTapGestureViewController.m in Sources */ = {isa = PBXBuildFile; fileRef = FE7B47BA1DB2624D00C39A82 /* JCTapGestureViewController.m */; };
		FE7B47C31DB2644E00C39A82 /* JCRotationGestureViewController.m in Sources */ = {isa = PBXBuildFile; fileRef = FE7B47C21DB2644E00C39A82 /* JCRotationGestureViewController.m */; };
		FE7B47C41DB2644E00C39A82 /* JCRotationGestureViewController.m in Sources */ = {isa = PBXBuildFile; fileRef = FE7B47C21DB2644E00C39A82 /* JCRotationGestureViewController.m */; };
		FE7B47C51DB2644E00C39A82 /* JCRotationGestureViewController.m in Sources */ = {isa = PBXBuildFile; fileRef = FE7B47C21DB2644E00C39A82 /* JCRotationGestureViewController.m */; };
		FE7B47C81DB26C3800C39A82 /* JCPinchGestureViewController.m in Sources */ = {isa = PBXBuildFile; fileRef = FE7B47C71DB26C3800C39A82 /* JCPinchGestureViewController.m */; };
		FE7B47C91DB26C3800C39A82 /* JCPinchGestureViewController.m in Sources */ = {isa = PBXBuildFile; fileRef = FE7B47C71DB26C3800C39A82 /* JCPinchGestureViewController.m */; };
		FE7B47CA1DB26C3800C39A82 /* JCPinchGestureViewController.m in Sources */ = {isa = PBXBuildFile; fileRef = FE7B47C71DB26C3800C39A82 /* JCPinchGestureViewController.m */; };
		FE7B47CD1DB26D8000C39A82 /* JCPanGestureViewController.m in Sources */ = {isa = PBXBuildFile; fileRef = FE7B47CC1DB26D8000C39A82 /* JCPanGestureViewController.m */; };
		FE7B47CE1DB26D8000C39A82 /* JCPanGestureViewController.m in Sources */ = {isa = PBXBuildFile; fileRef = FE7B47CC1DB26D8000C39A82 /* JCPanGestureViewController.m */; };
		FE7B47CF1DB26D8000C39A82 /* JCPanGestureViewController.m in Sources */ = {isa = PBXBuildFile; fileRef = FE7B47CC1DB26D8000C39A82 /* JCPanGestureViewController.m */; };
		FE7B47EA1DB26EDF00C39A82 /* MASCompositeConstraint.m in Sources */ = {isa = PBXBuildFile; fileRef = FE7B47D21DB26EDF00C39A82 /* MASCompositeConstraint.m */; };
		FE7B47EB1DB26EDF00C39A82 /* MASCompositeConstraint.m in Sources */ = {isa = PBXBuildFile; fileRef = FE7B47D21DB26EDF00C39A82 /* MASCompositeConstraint.m */; };
		FE7B47EC1DB26EDF00C39A82 /* MASCompositeConstraint.m in Sources */ = {isa = PBXBuildFile; fileRef = FE7B47D21DB26EDF00C39A82 /* MASCompositeConstraint.m */; };
		FE7B47ED1DB26EDF00C39A82 /* MASConstraint.m in Sources */ = {isa = PBXBuildFile; fileRef = FE7B47D51DB26EDF00C39A82 /* MASConstraint.m */; };
		FE7B47EE1DB26EDF00C39A82 /* MASConstraint.m in Sources */ = {isa = PBXBuildFile; fileRef = FE7B47D51DB26EDF00C39A82 /* MASConstraint.m */; };
		FE7B47EF1DB26EDF00C39A82 /* MASConstraint.m in Sources */ = {isa = PBXBuildFile; fileRef = FE7B47D51DB26EDF00C39A82 /* MASConstraint.m */; };
		FE7B47F01DB26EDF00C39A82 /* MASConstraintMaker.m in Sources */ = {isa = PBXBuildFile; fileRef = FE7B47D71DB26EDF00C39A82 /* MASConstraintMaker.m */; };
		FE7B47F11DB26EDF00C39A82 /* MASConstraintMaker.m in Sources */ = {isa = PBXBuildFile; fileRef = FE7B47D71DB26EDF00C39A82 /* MASConstraintMaker.m */; };
		FE7B47F21DB26EDF00C39A82 /* MASConstraintMaker.m in Sources */ = {isa = PBXBuildFile; fileRef = FE7B47D71DB26EDF00C39A82 /* MASConstraintMaker.m */; };
		FE7B47F31DB26EDF00C39A82 /* MASLayoutConstraint.m in Sources */ = {isa = PBXBuildFile; fileRef = FE7B47D91DB26EDF00C39A82 /* MASLayoutConstraint.m */; };
		FE7B47F41DB26EDF00C39A82 /* MASLayoutConstraint.m in Sources */ = {isa = PBXBuildFile; fileRef = FE7B47D91DB26EDF00C39A82 /* MASLayoutConstraint.m */; };
		FE7B47F51DB26EDF00C39A82 /* MASLayoutConstraint.m in Sources */ = {isa = PBXBuildFile; fileRef = FE7B47D91DB26EDF00C39A82 /* MASLayoutConstraint.m */; };
		FE7B47F61DB26EDF00C39A82 /* MASViewAttribute.m in Sources */ = {isa = PBXBuildFile; fileRef = FE7B47DD1DB26EDF00C39A82 /* MASViewAttribute.m */; };
		FE7B47F71DB26EDF00C39A82 /* MASViewAttribute.m in Sources */ = {isa = PBXBuildFile; fileRef = FE7B47DD1DB26EDF00C39A82 /* MASViewAttribute.m */; };
		FE7B47F81DB26EDF00C39A82 /* MASViewAttribute.m in Sources */ = {isa = PBXBuildFile; fileRef = FE7B47DD1DB26EDF00C39A82 /* MASViewAttribute.m */; };
		FE7B47F91DB26EDF00C39A82 /* MASViewConstraint.m in Sources */ = {isa = PBXBuildFile; fileRef = FE7B47DF1DB26EDF00C39A82 /* MASViewConstraint.m */; };
		FE7B47FA1DB26EDF00C39A82 /* MASViewConstraint.m in Sources */ = {isa = PBXBuildFile; fileRef = FE7B47DF1DB26EDF00C39A82 /* MASViewConstraint.m */; };
		FE7B47FB1DB26EDF00C39A82 /* MASViewConstraint.m in Sources */ = {isa = PBXBuildFile; fileRef = FE7B47DF1DB26EDF00C39A82 /* MASViewConstraint.m */; };
		FE7B47FC1DB26EDF00C39A82 /* NSArray+MASAdditions.m in Sources */ = {isa = PBXBuildFile; fileRef = FE7B47E11DB26EDF00C39A82 /* NSArray+MASAdditions.m */; };
		FE7B47FD1DB26EDF00C39A82 /* NSArray+MASAdditions.m in Sources */ = {isa = PBXBuildFile; fileRef = FE7B47E11DB26EDF00C39A82 /* NSArray+MASAdditions.m */; };
		FE7B47FE1DB26EDF00C39A82 /* NSArray+MASAdditions.m in Sources */ = {isa = PBXBuildFile; fileRef = FE7B47E11DB26EDF00C39A82 /* NSArray+MASAdditions.m */; };
		FE7B47FF1DB26EDF00C39A82 /* NSLayoutConstraint+MASDebugAdditions.m in Sources */ = {isa = PBXBuildFile; fileRef = FE7B47E41DB26EDF00C39A82 /* NSLayoutConstraint+MASDebugAdditions.m */; };
		FE7B48001DB26EDF00C39A82 /* NSLayoutConstraint+MASDebugAdditions.m in Sources */ = {isa = PBXBuildFile; fileRef = FE7B47E41DB26EDF00C39A82 /* NSLayoutConstraint+MASDebugAdditions.m */; };
		FE7B48011DB26EDF00C39A82 /* NSLayoutConstraint+MASDebugAdditions.m in Sources */ = {isa = PBXBuildFile; fileRef = FE7B47E41DB26EDF00C39A82 /* NSLayoutConstraint+MASDebugAdditions.m */; };
		FE7B48021DB26EDF00C39A82 /* View+MASAdditions.m in Sources */ = {isa = PBXBuildFile; fileRef = FE7B47E61DB26EDF00C39A82 /* View+MASAdditions.m */; };
		FE7B48031DB26EDF00C39A82 /* View+MASAdditions.m in Sources */ = {isa = PBXBuildFile; fileRef = FE7B47E61DB26EDF00C39A82 /* View+MASAdditions.m */; };
		FE7B48041DB26EDF00C39A82 /* View+MASAdditions.m in Sources */ = {isa = PBXBuildFile; fileRef = FE7B47E61DB26EDF00C39A82 /* View+MASAdditions.m */; };
		FE7B48051DB26EDF00C39A82 /* ViewController+MASAdditions.m in Sources */ = {isa = PBXBuildFile; fileRef = FE7B47E91DB26EDF00C39A82 /* ViewController+MASAdditions.m */; };
		FE7B48061DB26EDF00C39A82 /* ViewController+MASAdditions.m in Sources */ = {isa = PBXBuildFile; fileRef = FE7B47E91DB26EDF00C39A82 /* ViewController+MASAdditions.m */; };
		FE7B48071DB26EDF00C39A82 /* ViewController+MASAdditions.m in Sources */ = {isa = PBXBuildFile; fileRef = FE7B47E91DB26EDF00C39A82 /* ViewController+MASAdditions.m */; };
		FE7B480A1DB271F200C39A82 /* JCLongPressGestureViewController.m in Sources */ = {isa = PBXBuildFile; fileRef = FE7B48091DB271F200C39A82 /* JCLongPressGestureViewController.m */; };
		FE7B480B1DB271F200C39A82 /* JCLongPressGestureViewController.m in Sources */ = {isa = PBXBuildFile; fileRef = FE7B48091DB271F200C39A82 /* JCLongPressGestureViewController.m */; };
		FE7B480C1DB271F200C39A82 /* JCLongPressGestureViewController.m in Sources */ = {isa = PBXBuildFile; fileRef = FE7B48091DB271F200C39A82 /* JCLongPressGestureViewController.m */; };
		FEAD2A201DB900BC0066C9B1 /* JCChangeSearchPlaceholderViewController.m in Sources */ = {isa = PBXBuildFile; fileRef = FEAD2A1F1DB900BC0066C9B1 /* JCChangeSearchPlaceholderViewController.m */; };
		FEAD2A231DB901970066C9B1 /* UISearchBar+JCSearchBarPlaceholder.m in Sources */ = {isa = PBXBuildFile; fileRef = FEAD2A221DB901970066C9B1 /* UISearchBar+JCSearchBarPlaceholder.m */; };
		FEAD2A281DB914770066C9B1 /* JCEraserFunctionViewController.m in Sources */ = {isa = PBXBuildFile; fileRef = FEAD2A271DB914770066C9B1 /* JCEraserFunctionViewController.m */; };
		FEAD2A291DB914770066C9B1 /* JCEraserFunctionViewController.m in Sources */ = {isa = PBXBuildFile; fileRef = FEAD2A271DB914770066C9B1 /* JCEraserFunctionViewController.m */; };
		FEAD2A2A1DB914770066C9B1 /* JCEraserFunctionViewController.m in Sources */ = {isa = PBXBuildFile; fileRef = FEAD2A271DB914770066C9B1 /* JCEraserFunctionViewController.m */; };
		FEAD2A2F1DB915280066C9B1 /* CustomView.m in Sources */ = {isa = PBXBuildFile; fileRef = FEAD2A2E1DB915280066C9B1 /* CustomView.m */; };
		FEAD2A301DB915280066C9B1 /* CustomView.m in Sources */ = {isa = PBXBuildFile; fileRef = FEAD2A2E1DB915280066C9B1 /* CustomView.m */; };
		FEAD2A311DB915280066C9B1 /* CustomView.m in Sources */ = {isa = PBXBuildFile; fileRef = FEAD2A2E1DB915280066C9B1 /* CustomView.m */; };
		FEAD2A341DB915920066C9B1 /* RevealLayer.m in Sources */ = {isa = PBXBuildFile; fileRef = FEAD2A331DB915920066C9B1 /* RevealLayer.m */; };
		FEAD2A351DB915920066C9B1 /* RevealLayer.m in Sources */ = {isa = PBXBuildFile; fileRef = FEAD2A331DB915920066C9B1 /* RevealLayer.m */; };
		FEAD2A361DB915920066C9B1 /* RevealLayer.m in Sources */ = {isa = PBXBuildFile; fileRef = FEAD2A331DB915920066C9B1 /* RevealLayer.m */; };
		FEAD2A3E1DB9179F0066C9B1 /* JCBaseNavigationController.m in Sources */ = {isa = PBXBuildFile; fileRef = FEAD2A3D1DB9179F0066C9B1 /* JCBaseNavigationController.m */; };
		FEAD2A3F1DB9179F0066C9B1 /* JCBaseNavigationController.m in Sources */ = {isa = PBXBuildFile; fileRef = FEAD2A3D1DB9179F0066C9B1 /* JCBaseNavigationController.m */; };
		FEAD2A401DB9179F0066C9B1 /* JCBaseNavigationController.m in Sources */ = {isa = PBXBuildFile; fileRef = FEAD2A3D1DB9179F0066C9B1 /* JCBaseNavigationController.m */; };
		FED32A831DB6697900EE2E36 /* JCBaseController.m in Sources */ = {isa = PBXBuildFile; fileRef = FED32A821DB6697900EE2E36 /* JCBaseController.m */; };
		FEDE5FE61DB7B20200D9618D /* JCUISwipeGestureRecognizerViewController.m in Sources */ = {isa = PBXBuildFile; fileRef = FEDE5FE51DB7B20200D9618D /* JCUISwipeGestureRecognizerViewController.m */; };
		FEDE5FE71DB7B20200D9618D /* JCUISwipeGestureRecognizerViewController.m in Sources */ = {isa = PBXBuildFile; fileRef = FEDE5FE51DB7B20200D9618D /* JCUISwipeGestureRecognizerViewController.m */; };
		FEDE5FE81DB7B20200D9618D /* JCUISwipeGestureRecognizerViewController.m in Sources */ = {isa = PBXBuildFile; fileRef = FEDE5FE51DB7B20200D9618D /* JCUISwipeGestureRecognizerViewController.m */; };
		FEDE5FEB1DB7BE7600D9618D /* JCClickRotateDistortionViewController.m in Sources */ = {isa = PBXBuildFile; fileRef = FEDE5FEA1DB7BE7600D9618D /* JCClickRotateDistortionViewController.m */; };
		FEDE5FEC1DB7BE7600D9618D /* JCClickRotateDistortionViewController.m in Sources */ = {isa = PBXBuildFile; fileRef = FEDE5FEA1DB7BE7600D9618D /* JCClickRotateDistortionViewController.m */; };
		FEDE5FED1DB7BE7600D9618D /* JCClickRotateDistortionViewController.m in Sources */ = {isa = PBXBuildFile; fileRef = FEDE5FEA1DB7BE7600D9618D /* JCClickRotateDistortionViewController.m */; };
		FEF9349F1DB25FA300EEDB12 /* main.m in Sources */ = {isa = PBXBuildFile; fileRef = FEF9349E1DB25FA300EEDB12 /* main.m */; };
		FEF934AA1DB25FA400EEDB12 /* Assets.xcassets in Resources */ = {isa = PBXBuildFile; fileRef = FEF934A91DB25FA400EEDB12 /* Assets.xcassets */; };
		FEF934AD1DB25FA400EEDB12 /* LaunchScreen.storyboard in Resources */ = {isa = PBXBuildFile; fileRef = FEF934AB1DB25FA400EEDB12 /* LaunchScreen.storyboard */; };
		FEF934B81DB25FA400EEDB12 /* GestureSummaryTests.m in Sources */ = {isa = PBXBuildFile; fileRef = FEF934B71DB25FA400EEDB12 /* GestureSummaryTests.m */; };
		FEF934C31DB25FA400EEDB12 /* GestureSummaryUITests.m in Sources */ = {isa = PBXBuildFile; fileRef = FEF934C21DB25FA400EEDB12 /* GestureSummaryUITests.m */; };
/* End PBXBuildFile section */

/* Begin PBXContainerItemProxy section */
		FEF934B41DB25FA400EEDB12 /* PBXContainerItemProxy */ = {
			isa = PBXContainerItemProxy;
			containerPortal = FEF934921DB25FA300EEDB12 /* Project object */;
			proxyType = 1;
			remoteGlobalIDString = FEF934991DB25FA300EEDB12;
			remoteInfo = GestureSummary;
		};
		FEF934BF1DB25FA400EEDB12 /* PBXContainerItemProxy */ = {
			isa = PBXContainerItemProxy;
			containerPortal = FEF934921DB25FA300EEDB12 /* Project object */;
			proxyType = 1;
			remoteGlobalIDString = FEF934991DB25FA300EEDB12;
			remoteInfo = GestureSummary;
		};
/* End PBXContainerItemProxy section */

/* Begin PBXFileReference section */
		FE18CB421DB7C4120004C2FD /* JCTestDemoViewController.h */ = {isa = PBXFileReference; fileEncoding = 4; lastKnownFileType = sourcecode.c.h; path = JCTestDemoViewController.h; sourceTree = "<group>"; };
		FE18CB431DB7C4120004C2FD /* JCTestDemoViewController.m */ = {isa = PBXFileReference; fileEncoding = 4; lastKnownFileType = sourcecode.c.objc; path = JCTestDemoViewController.m; sourceTree = "<group>"; };
		FE7B47B41DB2623000C39A82 /* AppDelegate.h */ = {isa = PBXFileReference; fileEncoding = 4; lastKnownFileType = sourcecode.c.h; path = AppDelegate.h; sourceTree = "<group>"; };
		FE7B47B51DB2623000C39A82 /* AppDelegate.m */ = {isa = PBXFileReference; fileEncoding = 4; lastKnownFileType = sourcecode.c.objc; path = AppDelegate.m; sourceTree = "<group>"; };
		FE7B47B71DB2624D00C39A82 /* JCGestureListTableViewController.h */ = {isa = PBXFileReference; fileEncoding = 4; lastKnownFileType = sourcecode.c.h; path = JCGestureListTableViewController.h; sourceTree = "<group>"; };
		FE7B47B81DB2624D00C39A82 /* JCGestureListTableViewController.m */ = {isa = PBXFileReference; fileEncoding = 4; lastKnownFileType = sourcecode.c.objc; path = JCGestureListTableViewController.m; sourceTree = "<group>"; };
		FE7B47B91DB2624D00C39A82 /* JCTapGestureViewController.h */ = {isa = PBXFileReference; fileEncoding = 4; lastKnownFileType = sourcecode.c.h; path = JCTapGestureViewController.h; sourceTree = "<group>"; };
		FE7B47BA1DB2624D00C39A82 /* JCTapGestureViewController.m */ = {isa = PBXFileReference; fileEncoding = 4; lastKnownFileType = sourcecode.c.objc; path = JCTapGestureViewController.m; sourceTree = "<group>"; };
		FE7B47C11DB2644E00C39A82 /* JCRotationGestureViewController.h */ = {isa = PBXFileReference; fileEncoding = 4; lastKnownFileType = sourcecode.c.h; path = JCRotationGestureViewController.h; sourceTree = "<group>"; };
		FE7B47C21DB2644E00C39A82 /* JCRotationGestureViewController.m */ = {isa = PBXFileReference; fileEncoding = 4; lastKnownFileType = sourcecode.c.objc; path = JCRotationGestureViewController.m; sourceTree = "<group>"; };
		FE7B47C61DB26C3800C39A82 /* JCPinchGestureViewController.h */ = {isa = PBXFileReference; fileEncoding = 4; lastKnownFileType = sourcecode.c.h; path = JCPinchGestureViewController.h; sourceTree = "<group>"; };
		FE7B47C71DB26C3800C39A82 /* JCPinchGestureViewController.m */ = {isa = PBXFileReference; fileEncoding = 4; lastKnownFileType = sourcecode.c.objc; path = JCPinchGestureViewController.m; sourceTree = "<group>"; };
		FE7B47CB1DB26D8000C39A82 /* JCPanGestureViewController.h */ = {isa = PBXFileReference; fileEncoding = 4; lastKnownFileType = sourcecode.c.h; path = JCPanGestureViewController.h; sourceTree = "<group>"; };
		FE7B47CC1DB26D8000C39A82 /* JCPanGestureViewController.m */ = {isa = PBXFileReference; fileEncoding = 4; lastKnownFileType = sourcecode.c.objc; path = JCPanGestureViewController.m; sourceTree = "<group>"; };
		FE7B47D11DB26EDF00C39A82 /* MASCompositeConstraint.h */ = {isa = PBXFileReference; fileEncoding = 4; lastKnownFileType = sourcecode.c.h; path = MASCompositeConstraint.h; sourceTree = "<group>"; };
		FE7B47D21DB26EDF00C39A82 /* MASCompositeConstraint.m */ = {isa = PBXFileReference; fileEncoding = 4; lastKnownFileType = sourcecode.c.objc; path = MASCompositeConstraint.m; sourceTree = "<group>"; };
		FE7B47D31DB26EDF00C39A82 /* MASConstraint+Private.h */ = {isa = PBXFileReference; fileEncoding = 4; lastKnownFileType = sourcecode.c.h; path = "MASConstraint+Private.h"; sourceTree = "<group>"; };
		FE7B47D41DB26EDF00C39A82 /* MASConstraint.h */ = {isa = PBXFileReference; fileEncoding = 4; lastKnownFileType = sourcecode.c.h; path = MASConstraint.h; sourceTree = "<group>"; };
		FE7B47D51DB26EDF00C39A82 /* MASConstraint.m */ = {isa = PBXFileReference; fileEncoding = 4; lastKnownFileType = sourcecode.c.objc; path = MASConstraint.m; sourceTree = "<group>"; };
		FE7B47D61DB26EDF00C39A82 /* MASConstraintMaker.h */ = {isa = PBXFileReference; fileEncoding = 4; lastKnownFileType = sourcecode.c.h; path = MASConstraintMaker.h; sourceTree = "<group>"; };
		FE7B47D71DB26EDF00C39A82 /* MASConstraintMaker.m */ = {isa = PBXFileReference; fileEncoding = 4; lastKnownFileType = sourcecode.c.objc; path = MASConstraintMaker.m; sourceTree = "<group>"; };
		FE7B47D81DB26EDF00C39A82 /* MASLayoutConstraint.h */ = {isa = PBXFileReference; fileEncoding = 4; lastKnownFileType = sourcecode.c.h; path = MASLayoutConstraint.h; sourceTree = "<group>"; };
		FE7B47D91DB26EDF00C39A82 /* MASLayoutConstraint.m */ = {isa = PBXFileReference; fileEncoding = 4; lastKnownFileType = sourcecode.c.objc; path = MASLayoutConstraint.m; sourceTree = "<group>"; };
		FE7B47DA1DB26EDF00C39A82 /* Masonry.h */ = {isa = PBXFileReference; fileEncoding = 4; lastKnownFileType = sourcecode.c.h; path = Masonry.h; sourceTree = "<group>"; };
		FE7B47DB1DB26EDF00C39A82 /* MASUtilities.h */ = {isa = PBXFileReference; fileEncoding = 4; lastKnownFileType = sourcecode.c.h; path = MASUtilities.h; sourceTree = "<group>"; };
		FE7B47DC1DB26EDF00C39A82 /* MASViewAttribute.h */ = {isa = PBXFileReference; fileEncoding = 4; lastKnownFileType = sourcecode.c.h; path = MASViewAttribute.h; sourceTree = "<group>"; };
		FE7B47DD1DB26EDF00C39A82 /* MASViewAttribute.m */ = {isa = PBXFileReference; fileEncoding = 4; lastKnownFileType = sourcecode.c.objc; path = MASViewAttribute.m; sourceTree = "<group>"; };
		FE7B47DE1DB26EDF00C39A82 /* MASViewConstraint.h */ = {isa = PBXFileReference; fileEncoding = 4; lastKnownFileType = sourcecode.c.h; path = MASViewConstraint.h; sourceTree = "<group>"; };
		FE7B47DF1DB26EDF00C39A82 /* MASViewConstraint.m */ = {isa = PBXFileReference; fileEncoding = 4; lastKnownFileType = sourcecode.c.objc; path = MASViewConstraint.m; sourceTree = "<group>"; };
		FE7B47E01DB26EDF00C39A82 /* NSArray+MASAdditions.h */ = {isa = PBXFileReference; fileEncoding = 4; lastKnownFileType = sourcecode.c.h; path = "NSArray+MASAdditions.h"; sourceTree = "<group>"; };
		FE7B47E11DB26EDF00C39A82 /* NSArray+MASAdditions.m */ = {isa = PBXFileReference; fileEncoding = 4; lastKnownFileType = sourcecode.c.objc; path = "NSArray+MASAdditions.m"; sourceTree = "<group>"; };
		FE7B47E21DB26EDF00C39A82 /* NSArray+MASShorthandAdditions.h */ = {isa = PBXFileReference; fileEncoding = 4; lastKnownFileType = sourcecode.c.h; path = "NSArray+MASShorthandAdditions.h"; sourceTree = "<group>"; };
		FE7B47E31DB26EDF00C39A82 /* NSLayoutConstraint+MASDebugAdditions.h */ = {isa = PBXFileReference; fileEncoding = 4; lastKnownFileType = sourcecode.c.h; path = "NSLayoutConstraint+MASDebugAdditions.h"; sourceTree = "<group>"; };
		FE7B47E41DB26EDF00C39A82 /* NSLayoutConstraint+MASDebugAdditions.m */ = {isa = PBXFileReference; fileEncoding = 4; lastKnownFileType = sourcecode.c.objc; path = "NSLayoutConstraint+MASDebugAdditions.m"; sourceTree = "<group>"; };
		FE7B47E51DB26EDF00C39A82 /* View+MASAdditions.h */ = {isa = PBXFileReference; fileEncoding = 4; lastKnownFileType = sourcecode.c.h; path = "View+MASAdditions.h"; sourceTree = "<group>"; };
		FE7B47E61DB26EDF00C39A82 /* View+MASAdditions.m */ = {isa = PBXFileReference; fileEncoding = 4; lastKnownFileType = sourcecode.c.objc; path = "View+MASAdditions.m"; sourceTree = "<group>"; };
		FE7B47E71DB26EDF00C39A82 /* View+MASShorthandAdditions.h */ = {isa = PBXFileReference; fileEncoding = 4; lastKnownFileType = sourcecode.c.h; path = "View+MASShorthandAdditions.h"; sourceTree = "<group>"; };
		FE7B47E81DB26EDF00C39A82 /* ViewController+MASAdditions.h */ = {isa = PBXFileReference; fileEncoding = 4; lastKnownFileType = sourcecode.c.h; path = "ViewController+MASAdditions.h"; sourceTree = "<group>"; };
		FE7B47E91DB26EDF00C39A82 /* ViewController+MASAdditions.m */ = {isa = PBXFileReference; fileEncoding = 4; lastKnownFileType = sourcecode.c.objc; path = "ViewController+MASAdditions.m"; sourceTree = "<group>"; };
		FE7B48081DB271F200C39A82 /* JCLongPressGestureViewController.h */ = {isa = PBXFileReference; fileEncoding = 4; lastKnownFileType = sourcecode.c.h; path = JCLongPressGestureViewController.h; sourceTree = "<group>"; };
		FE7B48091DB271F200C39A82 /* JCLongPressGestureViewController.m */ = {isa = PBXFileReference; fileEncoding = 4; lastKnownFileType = sourcecode.c.objc; path = JCLongPressGestureViewController.m; sourceTree = "<group>"; };
		FEAD2A1E1DB900BC0066C9B1 /* JCChangeSearchPlaceholderViewController.h */ = {isa = PBXFileReference; fileEncoding = 4; lastKnownFileType = sourcecode.c.h; path = JCChangeSearchPlaceholderViewController.h; sourceTree = "<group>"; };
		FEAD2A1F1DB900BC0066C9B1 /* JCChangeSearchPlaceholderViewController.m */ = {isa = PBXFileReference; fileEncoding = 4; lastKnownFileType = sourcecode.c.objc; path = JCChangeSearchPlaceholderViewController.m; sourceTree = "<group>"; };
		FEAD2A211DB901970066C9B1 /* UISearchBar+JCSearchBarPlaceholder.h */ = {isa = PBXFileReference; fileEncoding = 4; lastKnownFileType = sourcecode.c.h; path = "UISearchBar+JCSearchBarPlaceholder.h"; sourceTree = "<group>"; };
		FEAD2A221DB901970066C9B1 /* UISearchBar+JCSearchBarPlaceholder.m */ = {isa = PBXFileReference; fileEncoding = 4; lastKnownFileType = sourcecode.c.objc; path = "UISearchBar+JCSearchBarPlaceholder.m"; sourceTree = "<group>"; };
		FEAD2A261DB914770066C9B1 /* JCEraserFunctionViewController.h */ = {isa = PBXFileReference; fileEncoding = 4; lastKnownFileType = sourcecode.c.h; path = JCEraserFunctionViewController.h; sourceTree = "<group>"; };
		FEAD2A271DB914770066C9B1 /* JCEraserFunctionViewController.m */ = {isa = PBXFileReference; fileEncoding = 4; lastKnownFileType = sourcecode.c.objc; path = JCEraserFunctionViewController.m; sourceTree = "<group>"; };
		FEAD2A2D1DB915280066C9B1 /* CustomView.h */ = {isa = PBXFileReference; fileEncoding = 4; lastKnownFileType = sourcecode.c.h; path = CustomView.h; sourceTree = "<group>"; };
		FEAD2A2E1DB915280066C9B1 /* CustomView.m */ = {isa = PBXFileReference; fileEncoding = 4; lastKnownFileType = sourcecode.c.objc; path = CustomView.m; sourceTree = "<group>"; };
		FEAD2A321DB915920066C9B1 /* RevealLayer.h */ = {isa = PBXFileReference; fileEncoding = 4; lastKnownFileType = sourcecode.c.h; path = RevealLayer.h; sourceTree = "<group>"; };
		FEAD2A331DB915920066C9B1 /* RevealLayer.m */ = {isa = PBXFileReference; fileEncoding = 4; lastKnownFileType = sourcecode.c.objc; path = RevealLayer.m; sourceTree = "<group>"; };
		FEAD2A3C1DB9179F0066C9B1 /* JCBaseNavigationController.h */ = {isa = PBXFileReference; fileEncoding = 4; lastKnownFileType = sourcecode.c.h; path = JCBaseNavigationController.h; sourceTree = "<group>"; };
		FEAD2A3D1DB9179F0066C9B1 /* JCBaseNavigationController.m */ = {isa = PBXFileReference; fileEncoding = 4; lastKnownFileType = sourcecode.c.objc; path = JCBaseNavigationController.m; sourceTree = "<group>"; };
		FED32A811DB6697900EE2E36 /* JCBaseController.h */ = {isa = PBXFileReference; fileEncoding = 4; lastKnownFileType = sourcecode.c.h; path = JCBaseController.h; sourceTree = "<group>"; };
		FED32A821DB6697900EE2E36 /* JCBaseController.m */ = {isa = PBXFileReference; fileEncoding = 4; lastKnownFileType = sourcecode.c.objc; path = JCBaseController.m; sourceTree = "<group>"; };
		FEDE5FE41DB7B20200D9618D /* JCUISwipeGestureRecognizerViewController.h */ = {isa = PBXFileReference; fileEncoding = 4; lastKnownFileType = sourcecode.c.h; path = JCUISwipeGestureRecognizerViewController.h; sourceTree = "<group>"; };
		FEDE5FE51DB7B20200D9618D /* JCUISwipeGestureRecognizerViewController.m */ = {isa = PBXFileReference; fileEncoding = 4; lastKnownFileType = sourcecode.c.objc; path = JCUISwipeGestureRecognizerViewController.m; sourceTree = "<group>"; };
		FEDE5FE91DB7BE7600D9618D /* JCClickRotateDistortionViewController.h */ = {isa = PBXFileReference; fileEncoding = 4; lastKnownFileType = sourcecode.c.h; path = JCClickRotateDistortionViewController.h; sourceTree = "<group>"; };
		FEDE5FEA1DB7BE7600D9618D /* JCClickRotateDistortionViewController.m */ = {isa = PBXFileReference; fileEncoding = 4; lastKnownFileType = sourcecode.c.objc; path = JCClickRotateDistortionViewController.m; sourceTree = "<group>"; };
		FEF9349A1DB25FA300EEDB12 /* GestureSummary.app */ = {isa = PBXFileReference; explicitFileType = wrapper.application; includeInIndex = 0; path = GestureSummary.app; sourceTree = BUILT_PRODUCTS_DIR; };
		FEF9349E1DB25FA300EEDB12 /* main.m */ = {isa = PBXFileReference; lastKnownFileType = sourcecode.c.objc; path = main.m; sourceTree = "<group>"; };
		FEF934A91DB25FA400EEDB12 /* Assets.xcassets */ = {isa = PBXFileReference; lastKnownFileType = folder.assetcatalog; path = Assets.xcassets; sourceTree = "<group>"; };
		FEF934AC1DB25FA400EEDB12 /* Base */ = {isa = PBXFileReference; lastKnownFileType = file.storyboard; name = Base; path = Base.lproj/LaunchScreen.storyboard; sourceTree = "<group>"; };
		FEF934AE1DB25FA400EEDB12 /* Info.plist */ = {isa = PBXFileReference; lastKnownFileType = text.plist.xml; path = Info.plist; sourceTree = "<group>"; };
		FEF934B31DB25FA400EEDB12 /* GestureSummaryTests.xctest */ = {isa = PBXFileReference; explicitFileType = wrapper.cfbundle; includeInIndex = 0; path = GestureSummaryTests.xctest; sourceTree = BUILT_PRODUCTS_DIR; };
		FEF934B71DB25FA400EEDB12 /* GestureSummaryTests.m */ = {isa = PBXFileReference; lastKnownFileType = sourcecode.c.objc; path = GestureSummaryTests.m; sourceTree = "<group>"; };
		FEF934B91DB25FA400EEDB12 /* Info.plist */ = {isa = PBXFileReference; lastKnownFileType = text.plist.xml; path = Info.plist; sourceTree = "<group>"; };
		FEF934BE1DB25FA400EEDB12 /* GestureSummaryUITests.xctest */ = {isa = PBXFileReference; explicitFileType = wrapper.cfbundle; includeInIndex = 0; path = GestureSummaryUITests.xctest; sourceTree = BUILT_PRODUCTS_DIR; };
		FEF934C21DB25FA400EEDB12 /* GestureSummaryUITests.m */ = {isa = PBXFileReference; lastKnownFileType = sourcecode.c.objc; path = GestureSummaryUITests.m; sourceTree = "<group>"; };
		FEF934C41DB25FA400EEDB12 /* Info.plist */ = {isa = PBXFileReference; lastKnownFileType = text.plist.xml; path = Info.plist; sourceTree = "<group>"; };
/* End PBXFileReference section */

/* Begin PBXFrameworksBuildPhase section */
		FEF934971DB25FA300EEDB12 /* Frameworks */ = {
			isa = PBXFrameworksBuildPhase;
			buildActionMask = 2147483647;
			files = (
			);
			runOnlyForDeploymentPostprocessing = 0;
		};
		FEF934B01DB25FA400EEDB12 /* Frameworks */ = {
			isa = PBXFrameworksBuildPhase;
			buildActionMask = 2147483647;
			files = (
			);
			runOnlyForDeploymentPostprocessing = 0;
		};
		FEF934BB1DB25FA400EEDB12 /* Frameworks */ = {
			isa = PBXFrameworksBuildPhase;
			buildActionMask = 2147483647;
			files = (
			);
			runOnlyForDeploymentPostprocessing = 0;
		};
/* End PBXFrameworksBuildPhase section */

/* Begin PBXGroup section */
		FE7B47B21DB2623000C39A82 /* Controller */ = {
			isa = PBXGroup;
			children = (
				FEAD2A251DB914560066C9B1 /* EraserFunction */,
				FE7B47B71DB2624D00C39A82 /* JCGestureListTableViewController.h */,
				FE7B47B81DB2624D00C39A82 /* JCGestureListTableViewController.m */,
				FE7B47B91DB2624D00C39A82 /* JCTapGestureViewController.h */,
				FE7B47BA1DB2624D00C39A82 /* JCTapGestureViewController.m */,
				FE7B47C11DB2644E00C39A82 /* JCRotationGestureViewController.h */,
				FE7B47C21DB2644E00C39A82 /* JCRotationGestureViewController.m */,
				FE7B47C61DB26C3800C39A82 /* JCPinchGestureViewController.h */,
				FE7B47C71DB26C3800C39A82 /* JCPinchGestureViewController.m */,
				FE7B47CB1DB26D8000C39A82 /* JCPanGestureViewController.h */,
				FE7B47CC1DB26D8000C39A82 /* JCPanGestureViewController.m */,
				FE7B48081DB271F200C39A82 /* JCLongPressGestureViewController.h */,
				FE7B48091DB271F200C39A82 /* JCLongPressGestureViewController.m */,
				FED32A811DB6697900EE2E36 /* JCBaseController.h */,
				FED32A821DB6697900EE2E36 /* JCBaseController.m */,
				FEDE5FE41DB7B20200D9618D /* JCUISwipeGestureRecognizerViewController.h */,
				FEDE5FE51DB7B20200D9618D /* JCUISwipeGestureRecognizerViewController.m */,
				FEDE5FE91DB7BE7600D9618D /* JCClickRotateDistortionViewController.h */,
				FEDE5FEA1DB7BE7600D9618D /* JCClickRotateDistortionViewController.m */,
				FE18CB421DB7C4120004C2FD /* JCTestDemoViewController.h */,
				FE18CB431DB7C4120004C2FD /* JCTestDemoViewController.m */,
				FEAD2A1E1DB900BC0066C9B1 /* JCChangeSearchPlaceholderViewController.h */,
				FEAD2A1F1DB900BC0066C9B1 /* JCChangeSearchPlaceholderViewController.m */,
			);
			path = Controller;
			sourceTree = "<group>";
		};
		FE7B47B31DB2623000C39A82 /* Other */ = {
			isa = PBXGroup;
			children = (
				FE7B47D01DB26EDF00C39A82 /* Masonry */,
				FE7B47B41DB2623000C39A82 /* AppDelegate.h */,
				FE7B47B51DB2623000C39A82 /* AppDelegate.m */,
				FEAD2A211DB901970066C9B1 /* UISearchBar+JCSearchBarPlaceholder.h */,
				FEAD2A221DB901970066C9B1 /* UISearchBar+JCSearchBarPlaceholder.m */,
				FEAD2A3C1DB9179F0066C9B1 /* JCBaseNavigationController.h */,
				FEAD2A3D1DB9179F0066C9B1 /* JCBaseNavigationController.m */,
			);
			path = Other;
			sourceTree = "<group>";
		};
		FE7B47D01DB26EDF00C39A82 /* Masonry */ = {
			isa = PBXGroup;
			children = (
				FE7B47D11DB26EDF00C39A82 /* MASCompositeConstraint.h */,
				FE7B47D21DB26EDF00C39A82 /* MASCompositeConstraint.m */,
				FE7B47D31DB26EDF00C39A82 /* MASConstraint+Private.h */,
				FE7B47D41DB26EDF00C39A82 /* MASConstraint.h */,
				FE7B47D51DB26EDF00C39A82 /* MASConstraint.m */,
				FE7B47D61DB26EDF00C39A82 /* MASConstraintMaker.h */,
				FE7B47D71DB26EDF00C39A82 /* MASConstraintMaker.m */,
				FE7B47D81DB26EDF00C39A82 /* MASLayoutConstraint.h */,
				FE7B47D91DB26EDF00C39A82 /* MASLayoutConstraint.m */,
				FE7B47DA1DB26EDF00C39A82 /* Masonry.h */,
				FE7B47DB1DB26EDF00C39A82 /* MASUtilities.h */,
				FE7B47DC1DB26EDF00C39A82 /* MASViewAttribute.h */,
				FE7B47DD1DB26EDF00C39A82 /* MASViewAttribute.m */,
				FE7B47DE1DB26EDF00C39A82 /* MASViewConstraint.h */,
				FE7B47DF1DB26EDF00C39A82 /* MASViewConstraint.m */,
				FE7B47E01DB26EDF00C39A82 /* NSArray+MASAdditions.h */,
				FE7B47E11DB26EDF00C39A82 /* NSArray+MASAdditions.m */,
				FE7B47E21DB26EDF00C39A82 /* NSArray+MASShorthandAdditions.h */,
				FE7B47E31DB26EDF00C39A82 /* NSLayoutConstraint+MASDebugAdditions.h */,
				FE7B47E41DB26EDF00C39A82 /* NSLayoutConstraint+MASDebugAdditions.m */,
				FE7B47E51DB26EDF00C39A82 /* View+MASAdditions.h */,
				FE7B47E61DB26EDF00C39A82 /* View+MASAdditions.m */,
				FE7B47E71DB26EDF00C39A82 /* View+MASShorthandAdditions.h */,
				FE7B47E81DB26EDF00C39A82 /* ViewController+MASAdditions.h */,
				FE7B47E91DB26EDF00C39A82 /* ViewController+MASAdditions.m */,
			);
			path = Masonry;
			sourceTree = "<group>";
		};
		FEAD2A251DB914560066C9B1 /* EraserFunction */ = {
			isa = PBXGroup;
			children = (
				FEAD2A261DB914770066C9B1 /* JCEraserFunctionViewController.h */,
				FEAD2A271DB914770066C9B1 /* JCEraserFunctionViewController.m */,
			);
			path = EraserFunction;
			sourceTree = "<group>";
		};
		FEAD2A2B1DB915160066C9B1 /* View */ = {
			isa = PBXGroup;
			children = (
				FEAD2A2C1DB915160066C9B1 /* EraserFunction */,
			);
			path = View;
			sourceTree = "<group>";
		};
		FEAD2A2C1DB915160066C9B1 /* EraserFunction */ = {
			isa = PBXGroup;
			children = (
				FEAD2A321DB915920066C9B1 /* RevealLayer.h */,
				FEAD2A331DB915920066C9B1 /* RevealLayer.m */,
				FEAD2A2D1DB915280066C9B1 /* CustomView.h */,
				FEAD2A2E1DB915280066C9B1 /* CustomView.m */,
			);
			path = EraserFunction;
			sourceTree = "<group>";
		};
		FEF934911DB25FA300EEDB12 = {
			isa = PBXGroup;
			children = (
				FEF9349C1DB25FA300EEDB12 /* GestureSummary */,
				FEF934B61DB25FA400EEDB12 /* GestureSummaryTests */,
				FEF934C11DB25FA400EEDB12 /* GestureSummaryUITests */,
				FEF9349B1DB25FA300EEDB12 /* Products */,
			);
			sourceTree = "<group>";
		};
		FEF9349B1DB25FA300EEDB12 /* Products */ = {
			isa = PBXGroup;
			children = (
				FEF9349A1DB25FA300EEDB12 /* GestureSummary.app */,
				FEF934B31DB25FA400EEDB12 /* GestureSummaryTests.xctest */,
				FEF934BE1DB25FA400EEDB12 /* GestureSummaryUITests.xctest */,
			);
			name = Products;
			sourceTree = "<group>";
		};
		FEF9349C1DB25FA300EEDB12 /* GestureSummary */ = {
			isa = PBXGroup;
			children = (
				FE7B47B31DB2623000C39A82 /* Other */,
				FEAD2A2B1DB915160066C9B1 /* View */,
				FE7B47B21DB2623000C39A82 /* Controller */,
				FEF934A91DB25FA400EEDB12 /* Assets.xcassets */,
				FEF934AB1DB25FA400EEDB12 /* LaunchScreen.storyboard */,
				FEF934AE1DB25FA400EEDB12 /* Info.plist */,
				FEF9349D1DB25FA300EEDB12 /* Supporting Files */,
			);
			path = GestureSummary;
			sourceTree = "<group>";
		};
		FEF9349D1DB25FA300EEDB12 /* Supporting Files */ = {
			isa = PBXGroup;
			children = (
				FEF9349E1DB25FA300EEDB12 /* main.m */,
			);
			name = "Supporting Files";
			sourceTree = "<group>";
		};
		FEF934B61DB25FA400EEDB12 /* GestureSummaryTests */ = {
			isa = PBXGroup;
			children = (
				FEF934B71DB25FA400EEDB12 /* GestureSummaryTests.m */,
				FEF934B91DB25FA400EEDB12 /* Info.plist */,
			);
			path = GestureSummaryTests;
			sourceTree = "<group>";
		};
		FEF934C11DB25FA400EEDB12 /* GestureSummaryUITests */ = {
			isa = PBXGroup;
			children = (
				FEF934C21DB25FA400EEDB12 /* GestureSummaryUITests.m */,
				FEF934C41DB25FA400EEDB12 /* Info.plist */,
			);
			path = GestureSummaryUITests;
			sourceTree = "<group>";
		};
/* End PBXGroup section */

/* Begin PBXNativeTarget section */
		FEF934991DB25FA300EEDB12 /* GestureSummary */ = {
			isa = PBXNativeTarget;
			buildConfigurationList = FEF934C71DB25FA400EEDB12 /* Build configuration list for PBXNativeTarget "GestureSummary" */;
			buildPhases = (
				FEF934961DB25FA300EEDB12 /* Sources */,
				FEF934971DB25FA300EEDB12 /* Frameworks */,
				FEF934981DB25FA300EEDB12 /* Resources */,
			);
			buildRules = (
			);
			dependencies = (
			);
			name = GestureSummary;
			productName = GestureSummary;
			productReference = FEF9349A1DB25FA300EEDB12 /* GestureSummary.app */;
			productType = "com.apple.product-type.application";
		};
		FEF934B21DB25FA400EEDB12 /* GestureSummaryTests */ = {
			isa = PBXNativeTarget;
			buildConfigurationList = FEF934CA1DB25FA400EEDB12 /* Build configuration list for PBXNativeTarget "GestureSummaryTests" */;
			buildPhases = (
				FEF934AF1DB25FA400EEDB12 /* Sources */,
				FEF934B01DB25FA400EEDB12 /* Frameworks */,
				FEF934B11DB25FA400EEDB12 /* Resources */,
			);
			buildRules = (
			);
			dependencies = (
				FEF934B51DB25FA400EEDB12 /* PBXTargetDependency */,
			);
			name = GestureSummaryTests;
			productName = GestureSummaryTests;
			productReference = FEF934B31DB25FA400EEDB12 /* GestureSummaryTests.xctest */;
			productType = "com.apple.product-type.bundle.unit-test";
		};
		FEF934BD1DB25FA400EEDB12 /* GestureSummaryUITests */ = {
			isa = PBXNativeTarget;
			buildConfigurationList = FEF934CD1DB25FA400EEDB12 /* Build configuration list for PBXNativeTarget "GestureSummaryUITests" */;
			buildPhases = (
				FEF934BA1DB25FA400EEDB12 /* Sources */,
				FEF934BB1DB25FA400EEDB12 /* Frameworks */,
				FEF934BC1DB25FA400EEDB12 /* Resources */,
			);
			buildRules = (
			);
			dependencies = (
				FEF934C01DB25FA400EEDB12 /* PBXTargetDependency */,
			);
			name = GestureSummaryUITests;
			productName = GestureSummaryUITests;
			productReference = FEF934BE1DB25FA400EEDB12 /* GestureSummaryUITests.xctest */;
			productType = "com.apple.product-type.bundle.ui-testing";
		};
/* End PBXNativeTarget section */

/* Begin PBXProject section */
		FEF934921DB25FA300EEDB12 /* Project object */ = {
			isa = PBXProject;
			attributes = {
				CLASSPREFIX = JC;
				LastUpgradeCheck = 0730;
				ORGANIZATIONNAME = JC;
				TargetAttributes = {
					FEF934991DB25FA300EEDB12 = {
						CreatedOnToolsVersion = 7.3.1;
						DevelopmentTeam = E3DPJ4DW7A;
					};
					FEF934B21DB25FA400EEDB12 = {
						CreatedOnToolsVersion = 7.3.1;
						TestTargetID = FEF934991DB25FA300EEDB12;
					};
					FEF934BD1DB25FA400EEDB12 = {
						CreatedOnToolsVersion = 7.3.1;
						TestTargetID = FEF934991DB25FA300EEDB12;
					};
				};
			};
			buildConfigurationList = FEF934951DB25FA300EEDB12 /* Build configuration list for PBXProject "GestureSummary" */;
			compatibilityVersion = "Xcode 3.2";
			developmentRegion = English;
			hasScannedForEncodings = 0;
			knownRegions = (
				en,
				Base,
			);
			mainGroup = FEF934911DB25FA300EEDB12;
			productRefGroup = FEF9349B1DB25FA300EEDB12 /* Products */;
			projectDirPath = "";
			projectRoot = "";
			targets = (
				FEF934991DB25FA300EEDB12 /* GestureSummary */,
				FEF934B21DB25FA400EEDB12 /* GestureSummaryTests */,
				FEF934BD1DB25FA400EEDB12 /* GestureSummaryUITests */,
			);
		};
/* End PBXProject section */

/* Begin PBXResourcesBuildPhase section */
		FEF934981DB25FA300EEDB12 /* Resources */ = {
			isa = PBXResourcesBuildPhase;
			buildActionMask = 2147483647;
			files = (
				FEF934AD1DB25FA400EEDB12 /* LaunchScreen.storyboard in Resources */,
				FEF934AA1DB25FA400EEDB12 /* Assets.xcassets in Resources */,
			);
			runOnlyForDeploymentPostprocessing = 0;
		};
		FEF934B11DB25FA400EEDB12 /* Resources */ = {
			isa = PBXResourcesBuildPhase;
			buildActionMask = 2147483647;
			files = (
			);
			runOnlyForDeploymentPostprocessing = 0;
		};
		FEF934BC1DB25FA400EEDB12 /* Resources */ = {
			isa = PBXResourcesBuildPhase;
			buildActionMask = 2147483647;
			files = (
			);
			runOnlyForDeploymentPostprocessing = 0;
		};
/* End PBXResourcesBuildPhase section */

/* Begin PBXSourcesBuildPhase section */
		FEF934961DB25FA300EEDB12 /* Sources */ = {
			isa = PBXSourcesBuildPhase;
			buildActionMask = 2147483647;
			files = (
				FEAD2A341DB915920066C9B1 /* RevealLayer.m in Sources */,
				FE7B47FC1DB26EDF00C39A82 /* NSArray+MASAdditions.m in Sources */,
				FEAD2A201DB900BC0066C9B1 /* JCChangeSearchPlaceholderViewController.m in Sources */,
				FE7B47F91DB26EDF00C39A82 /* MASViewConstraint.m in Sources */,
				FE7B47C31DB2644E00C39A82 /* JCRotationGestureViewController.m in Sources */,
				FED32A831DB6697900EE2E36 /* JCBaseController.m in Sources */,
				FE7B47F01DB26EDF00C39A82 /* MASConstraintMaker.m in Sources */,
				FEAD2A281DB914770066C9B1 /* JCEraserFunctionViewController.m in Sources */,
				FE7B48021DB26EDF00C39A82 /* View+MASAdditions.m in Sources */,
				FE7B480A1DB271F200C39A82 /* JCLongPressGestureViewController.m in Sources */,
				FE7B47B61DB2623000C39A82 /* AppDelegate.m in Sources */,
				FE7B47ED1DB26EDF00C39A82 /* MASConstraint.m in Sources */,
				FEDE5FEB1DB7BE7600D9618D /* JCClickRotateDistortionViewController.m in Sources */,
				FE7B47BB1DB2624D00C39A82 /* JCGestureListTableViewController.m in Sources */,
				FE7B47F61DB26EDF00C39A82 /* MASViewAttribute.m in Sources */,
				FE7B47FF1DB26EDF00C39A82 /* NSLayoutConstraint+MASDebugAdditions.m in Sources */,
				FEAD2A2F1DB915280066C9B1 /* CustomView.m in Sources */,
				FEF9349F1DB25FA300EEDB12 /* main.m in Sources */,
				FE18CB441DB7C4120004C2FD /* JCTestDemoViewController.m in Sources */,
				FE7B47EA1DB26EDF00C39A82 /* MASCompositeConstraint.m in Sources */,
				FE7B47F31DB26EDF00C39A82 /* MASLayoutConstraint.m in Sources */,
				FE7B47C81DB26C3800C39A82 /* JCPinchGestureViewController.m in Sources */,
				FE7B47BE1DB2624D00C39A82 /* JCTapGestureViewController.m in Sources */,
				FE7B48051DB26EDF00C39A82 /* ViewController+MASAdditions.m in Sources */,
				FEDE5FE61DB7B20200D9618D /* JCUISwipeGestureRecognizerViewController.m in Sources */,
				FEAD2A231DB901970066C9B1 /* UISearchBar+JCSearchBarPlaceholder.m in Sources */,
				FE7B47CD1DB26D8000C39A82 /* JCPanGestureViewController.m in Sources */,
				FEAD2A3E1DB9179F0066C9B1 /* JCBaseNavigationController.m in Sources */,
			);
			runOnlyForDeploymentPostprocessing = 0;
		};
		FEF934AF1DB25FA400EEDB12 /* Sources */ = {
			isa = PBXSourcesBuildPhase;
			buildActionMask = 2147483647;
			files = (
				FE7B47EE1DB26EDF00C39A82 /* MASConstraint.m in Sources */,
				FE7B47F71DB26EDF00C39A82 /* MASViewAttribute.m in Sources */,
				FEDE5FEC1DB7BE7600D9618D /* JCClickRotateDistortionViewController.m in Sources */,
				FEAD2A291DB914770066C9B1 /* JCEraserFunctionViewController.m in Sources */,
				FE7B48061DB26EDF00C39A82 /* ViewController+MASAdditions.m in Sources */,
				FE7B47FD1DB26EDF00C39A82 /* NSArray+MASAdditions.m in Sources */,
				FE7B47BF1DB2624D00C39A82 /* JCTapGestureViewController.m in Sources */,
				FE18CB451DB7C4120004C2FD /* JCTestDemoViewController.m in Sources */,
				FE7B47FA1DB26EDF00C39A82 /* MASViewConstraint.m in Sources */,
				FE7B47F41DB26EDF00C39A82 /* MASLayoutConstraint.m in Sources */,
				FE7B47CE1DB26D8000C39A82 /* JCPanGestureViewController.m in Sources */,
				FEAD2A3F1DB9179F0066C9B1 /* JCBaseNavigationController.m in Sources */,
				FE7B47C41DB2644E00C39A82 /* JCRotationGestureViewController.m in Sources */,
				FE7B48031DB26EDF00C39A82 /* View+MASAdditions.m in Sources */,
				FEAD2A301DB915280066C9B1 /* CustomView.m in Sources */,
				FE7B47EB1DB26EDF00C39A82 /* MASCompositeConstraint.m in Sources */,
				FEAD2A351DB915920066C9B1 /* RevealLayer.m in Sources */,
				FE7B48001DB26EDF00C39A82 /* NSLayoutConstraint+MASDebugAdditions.m in Sources */,
				FEDE5FE71DB7B20200D9618D /* JCUISwipeGestureRecognizerViewController.m in Sources */,
				FE7B47F11DB26EDF00C39A82 /* MASConstraintMaker.m in Sources */,
				FE7B47BC1DB2624D00C39A82 /* JCGestureListTableViewController.m in Sources */,
				FE7B480B1DB271F200C39A82 /* JCLongPressGestureViewController.m in Sources */,
				FE7B47C91DB26C3800C39A82 /* JCPinchGestureViewController.m in Sources */,
				FEF934B81DB25FA400EEDB12 /* GestureSummaryTests.m in Sources */,
			);
			runOnlyForDeploymentPostprocessing = 0;
		};
		FEF934BA1DB25FA400EEDB12 /* Sources */ = {
			isa = PBXSourcesBuildPhase;
			buildActionMask = 2147483647;
			files = (
				FE7B47EF1DB26EDF00C39A82 /* MASConstraint.m in Sources */,
				FE7B47F81DB26EDF00C39A82 /* MASViewAttribute.m in Sources */,
				FEDE5FED1DB7BE7600D9618D /* JCClickRotateDistortionViewController.m in Sources */,
				FEAD2A2A1DB914770066C9B1 /* JCEraserFunctionViewController.m in Sources */,
				FE7B48071DB26EDF00C39A82 /* ViewController+MASAdditions.m in Sources */,
				FE7B47FE1DB26EDF00C39A82 /* NSArray+MASAdditions.m in Sources */,
				FE7B47C01DB2624D00C39A82 /* JCTapGestureViewController.m in Sources */,
				FE18CB461DB7C4120004C2FD /* JCTestDemoViewController.m in Sources */,
				FE7B47FB1DB26EDF00C39A82 /* MASViewConstraint.m in Sources */,
				FE7B47F51DB26EDF00C39A82 /* MASLayoutConstraint.m in Sources */,
				FE7B47CF1DB26D8000C39A82 /* JCPanGestureViewController.m in Sources */,
				FEAD2A401DB9179F0066C9B1 /* JCBaseNavigationController.m in Sources */,
				FE7B47C51DB2644E00C39A82 /* JCRotationGestureViewController.m in Sources */,
				FE7B48041DB26EDF00C39A82 /* View+MASAdditions.m in Sources */,
				FEAD2A311DB915280066C9B1 /* CustomView.m in Sources */,
				FE7B47EC1DB26EDF00C39A82 /* MASCompositeConstraint.m in Sources */,
				FEAD2A361DB915920066C9B1 /* RevealLayer.m in Sources */,
				FE7B48011DB26EDF00C39A82 /* NSLayoutConstraint+MASDebugAdditions.m in Sources */,
				FEDE5FE81DB7B20200D9618D /* JCUISwipeGestureRecognizerViewController.m in Sources */,
				FE7B47F21DB26EDF00C39A82 /* MASConstraintMaker.m in Sources */,
				FE7B47BD1DB2624D00C39A82 /* JCGestureListTableViewController.m in Sources */,
				FE7B480C1DB271F200C39A82 /* JCLongPressGestureViewController.m in Sources */,
				FE7B47CA1DB26C3800C39A82 /* JCPinchGestureViewController.m in Sources */,
				FEF934C31DB25FA400EEDB12 /* GestureSummaryUITests.m in Sources */,
			);
			runOnlyForDeploymentPostprocessing = 0;
		};
/* End PBXSourcesBuildPhase section */

/* Begin PBXTargetDependency section */
		FEF934B51DB25FA400EEDB12 /* PBXTargetDependency */ = {
			isa = PBXTargetDependency;
			target = FEF934991DB25FA300EEDB12 /* GestureSummary */;
			targetProxy = FEF934B41DB25FA400EEDB12 /* PBXContainerItemProxy */;
		};
		FEF934C01DB25FA400EEDB12 /* PBXTargetDependency */ = {
			isa = PBXTargetDependency;
			target = FEF934991DB25FA300EEDB12 /* GestureSummary */;
			targetProxy = FEF934BF1DB25FA400EEDB12 /* PBXContainerItemProxy */;
		};
/* End PBXTargetDependency section */

/* Begin PBXVariantGroup section */
		FEF934AB1DB25FA400EEDB12 /* LaunchScreen.storyboard */ = {
			isa = PBXVariantGroup;
			children = (
				FEF934AC1DB25FA400EEDB12 /* Base */,
			);
			name = LaunchScreen.storyboard;
			sourceTree = "<group>";
		};
/* End PBXVariantGroup section */

/* Begin XCBuildConfiguration section */
		FEF934C51DB25FA400EEDB12 /* Debug */ = {
			isa = XCBuildConfiguration;
			buildSettings = {
				ALWAYS_SEARCH_USER_PATHS = NO;
				CLANG_ANALYZER_NONNULL = YES;
				CLANG_CXX_LANGUAGE_STANDARD = "gnu++0x";
				CLANG_CXX_LIBRARY = "libc++";
				CLANG_ENABLE_MODULES = YES;
				CLANG_ENABLE_OBJC_ARC = YES;
				CLANG_WARN_BOOL_CONVERSION = YES;
				CLANG_WARN_CONSTANT_CONVERSION = YES;
				CLANG_WARN_DIRECT_OBJC_ISA_USAGE = YES_ERROR;
				CLANG_WARN_EMPTY_BODY = YES;
				CLANG_WARN_ENUM_CONVERSION = YES;
				CLANG_WARN_INT_CONVERSION = YES;
				CLANG_WARN_OBJC_ROOT_CLASS = YES_ERROR;
				CLANG_WARN_UNREACHABLE_CODE = YES;
				CLANG_WARN__DUPLICATE_METHOD_MATCH = YES;
				"CODE_SIGN_IDENTITY[sdk=iphoneos*]" = "iPhone Developer";
				COPY_PHASE_STRIP = NO;
				DEBUG_INFORMATION_FORMAT = dwarf;
				ENABLE_STRICT_OBJC_MSGSEND = YES;
				ENABLE_TESTABILITY = YES;
				GCC_C_LANGUAGE_STANDARD = gnu99;
				GCC_DYNAMIC_NO_PIC = NO;
				GCC_NO_COMMON_BLOCKS = YES;
				GCC_OPTIMIZATION_LEVEL = 0;
				GCC_PREPROCESSOR_DEFINITIONS = (
					"DEBUG=1",
					"$(inherited)",
				);
				GCC_WARN_64_TO_32_BIT_CONVERSION = YES;
				GCC_WARN_ABOUT_RETURN_TYPE = YES_ERROR;
				GCC_WARN_UNDECLARED_SELECTOR = YES;
				GCC_WARN_UNINITIALIZED_AUTOS = YES_AGGRESSIVE;
				GCC_WARN_UNUSED_FUNCTION = YES;
				GCC_WARN_UNUSED_VARIABLE = YES;
				IPHONEOS_DEPLOYMENT_TARGET = 9.3;
				MTL_ENABLE_DEBUG_INFO = YES;
				ONLY_ACTIVE_ARCH = YES;
				SDKROOT = iphoneos;
			};
			name = Debug;
		};
		FEF934C61DB25FA400EEDB12 /* Release */ = {
			isa = XCBuildConfiguration;
			buildSettings = {
				ALWAYS_SEARCH_USER_PATHS = NO;
				CLANG_ANALYZER_NONNULL = YES;
				CLANG_CXX_LANGUAGE_STANDARD = "gnu++0x";
				CLANG_CXX_LIBRARY = "libc++";
				CLANG_ENABLE_MODULES = YES;
				CLANG_ENABLE_OBJC_ARC = YES;
				CLANG_WARN_BOOL_CONVERSION = YES;
				CLANG_WARN_CONSTANT_CONVERSION = YES;
				CLANG_WARN_DIRECT_OBJC_ISA_USAGE = YES_ERROR;
				CLANG_WARN_EMPTY_BODY = YES;
				CLANG_WARN_ENUM_CONVERSION = YES;
				CLANG_WARN_INT_CONVERSION = YES;
				CLANG_WARN_OBJC_ROOT_CLASS = YES_ERROR;
				CLANG_WARN_UNREACHABLE_CODE = YES;
				CLANG_WARN__DUPLICATE_METHOD_MATCH = YES;
				"CODE_SIGN_IDENTITY[sdk=iphoneos*]" = "iPhone Developer";
				COPY_PHASE_STRIP = NO;
				DEBUG_INFORMATION_FORMAT = "dwarf-with-dsym";
				ENABLE_NS_ASSERTIONS = NO;
				ENABLE_STRICT_OBJC_MSGSEND = YES;
				GCC_C_LANGUAGE_STANDARD = gnu99;
				GCC_NO_COMMON_BLOCKS = YES;
				GCC_WARN_64_TO_32_BIT_CONVERSION = YES;
				GCC_WARN_ABOUT_RETURN_TYPE = YES_ERROR;
				GCC_WARN_UNDECLARED_SELECTOR = YES;
				GCC_WARN_UNINITIALIZED_AUTOS = YES_AGGRESSIVE;
				GCC_WARN_UNUSED_FUNCTION = YES;
				GCC_WARN_UNUSED_VARIABLE = YES;
				IPHONEOS_DEPLOYMENT_TARGET = 9.3;
				MTL_ENABLE_DEBUG_INFO = NO;
				SDKROOT = iphoneos;
				VALIDATE_PRODUCT = YES;
			};
			name = Release;
		};
		FEF934C81DB25FA400EEDB12 /* Debug */ = {
			isa = XCBuildConfiguration;
			buildSettings = {
				ASSETCATALOG_COMPILER_APPICON_NAME = AppIcon;
				CODE_SIGN_IDENTITY = "iPhone Developer";
				"CODE_SIGN_IDENTITY[sdk=iphoneos*]" = "iPhone Developer";
				INFOPLIST_FILE = GestureSummary/Info.plist;
				IPHONEOS_DEPLOYMENT_TARGET = 9.3;
				LD_RUNPATH_SEARCH_PATHS = "$(inherited) @executable_path/Frameworks";
				PRODUCT_BUNDLE_IDENTIFIER = JC.GestureSummary;
				PRODUCT_NAME = "$(TARGET_NAME)";
				PROVISIONING_PROFILE = "";
			};
			name = Debug;
		};
		FEF934C91DB25FA400EEDB12 /* Release */ = {
			isa = XCBuildConfiguration;
			buildSettings = {
				ASSETCATALOG_COMPILER_APPICON_NAME = AppIcon;
				CODE_SIGN_IDENTITY = "iPhone Developer";
				"CODE_SIGN_IDENTITY[sdk=iphoneos*]" = "iPhone Developer";
				INFOPLIST_FILE = GestureSummary/Info.plist;
				IPHONEOS_DEPLOYMENT_TARGET = 9.3;
				LD_RUNPATH_SEARCH_PATHS = "$(inherited) @executable_path/Frameworks";
				PRODUCT_BUNDLE_IDENTIFIER = JC.GestureSummary;
				PRODUCT_NAME = "$(TARGET_NAME)";
				PROVISIONING_PROFILE = "";
			};
			name = Release;
		};
		FEF934CB1DB25FA400EEDB12 /* Debug */ = {
			isa = XCBuildConfiguration;
			buildSettings = {
				BUNDLE_LOADER = "$(TEST_HOST)";
				INFOPLIST_FILE = GestureSummaryTests/Info.plist;
				LD_RUNPATH_SEARCH_PATHS = "$(inherited) @executable_path/Frameworks @loader_path/Frameworks";
				PRODUCT_BUNDLE_IDENTIFIER = JC.GestureSummaryTests;
				PRODUCT_NAME = "$(TARGET_NAME)";
				TEST_HOST = "$(BUILT_PRODUCTS_DIR)/GestureSummary.app/GestureSummary";
			};
			name = Debug;
		};
		FEF934CC1DB25FA400EEDB12 /* Release */ = {
			isa = XCBuildConfiguration;
			buildSettings = {
				BUNDLE_LOADER = "$(TEST_HOST)";
				INFOPLIST_FILE = GestureSummaryTests/Info.plist;
				LD_RUNPATH_SEARCH_PATHS = "$(inherited) @executable_path/Frameworks @loader_path/Frameworks";
				PRODUCT_BUNDLE_IDENTIFIER = JC.GestureSummaryTests;
				PRODUCT_NAME = "$(TARGET_NAME)";
				TEST_HOST = "$(BUILT_PRODUCTS_DIR)/GestureSummary.app/GestureSummary";
			};
			name = Release;
		};
		FEF934CE1DB25FA400EEDB12 /* Debug */ = {
			isa = XCBuildConfiguration;
			buildSettings = {
				INFOPLIST_FILE = GestureSummaryUITests/Info.plist;
				LD_RUNPATH_SEARCH_PATHS = "$(inherited) @executable_path/Frameworks @loader_path/Frameworks";
				PRODUCT_BUNDLE_IDENTIFIER = JC.GestureSummaryUITests;
				PRODUCT_NAME = "$(TARGET_NAME)";
				TEST_TARGET_NAME = GestureSummary;
			};
			name = Debug;
		};
		FEF934CF1DB25FA400EEDB12 /* Release */ = {
			isa = XCBuildConfiguration;
			buildSettings = {
				INFOPLIST_FILE = GestureSummaryUITests/Info.plist;
				LD_RUNPATH_SEARCH_PATHS = "$(inherited) @executable_path/Frameworks @loader_path/Frameworks";
				PRODUCT_BUNDLE_IDENTIFIER = JC.GestureSummaryUITests;
				PRODUCT_NAME = "$(TARGET_NAME)";
				TEST_TARGET_NAME = GestureSummary;
			};
			name = Release;
		};
/* End XCBuildConfiguration section */

/* Begin XCConfigurationList section */
		FEF934951DB25FA300EEDB12 /* Build configuration list for PBXProject "GestureSummary" */ = {
			isa = XCConfigurationList;
			buildConfigurations = (
				FEF934C51DB25FA400EEDB12 /* Debug */,
				FEF934C61DB25FA400EEDB12 /* Release */,
			);
			defaultConfigurationIsVisible = 0;
			defaultConfigurationName = Release;
		};
		FEF934C71DB25FA400EEDB12 /* Build configuration list for PBXNativeTarget "GestureSummary" */ = {
			isa = XCConfigurationList;
			buildConfigurations = (
				FEF934C81DB25FA400EEDB12 /* Debug */,
				FEF934C91DB25FA400EEDB12 /* Release */,
			);
			defaultConfigurationIsVisible = 0;
			defaultConfigurationName = Release;
		};
		FEF934CA1DB25FA400EEDB12 /* Build configuration list for PBXNativeTarget "GestureSummaryTests" */ = {
			isa = XCConfigurationList;
			buildConfigurations = (
				FEF934CB1DB25FA400EEDB12 /* Debug */,
				FEF934CC1DB25FA400EEDB12 /* Release */,
			);
			defaultConfigurationIsVisible = 0;
			defaultConfigurationName = Release;
		};
		FEF934CD1DB25FA400EEDB12 /* Build configuration list for PBXNativeTarget "GestureSummaryUITests" */ = {
			isa = XCConfigurationList;
			buildConfigurations = (
				FEF934CE1DB25FA400EEDB12 /* Debug */,
				FEF934CF1DB25FA400EEDB12 /* Release */,
			);
			defaultConfigurationIsVisible = 0;
			defaultConfigurationName = Release;
		};
/* End XCConfigurationList section */
	};
	rootObject = FEF934921DB25FA300EEDB12 /* Project object */;
}
